// !$*UTF8*$!
{
	archiveVersion = 1;
	classes = {
	};
	objectVersion = 55;
	objects = {

/* Begin PBXBuildFile section */
		5241BF6F26AA1E8A002D6892 /* FlowStacks in Frameworks */ = {isa = PBXBuildFile; productRef = 5241BF6E26AA1E8A002D6892 /* FlowStacks */; };
		5241BF7126AA1E8F002D6892 /* FlowStacks in Frameworks */ = {isa = PBXBuildFile; productRef = 5241BF7026AA1E8F002D6892 /* FlowStacks */; };
		525C733527729300009CBD67 /* SwiftUINavigation in Frameworks */ = {isa = PBXBuildFile; productRef = 525C733427729300009CBD67 /* SwiftUINavigation */; };
		525C73372774BA6B009CBD67 /* NumberCoordinator.swift in Sources */ = {isa = PBXBuildFile; fileRef = 525C73362774BA6B009CBD67 /* NumberCoordinator.swift */; };
		525C73382774BA6B009CBD67 /* NumberCoordinator.swift in Sources */ = {isa = PBXBuildFile; fileRef = 525C73362774BA6B009CBD67 /* NumberCoordinator.swift */; };
		525C733A2774BDB7009CBD67 /* BindingCoordinator.swift in Sources */ = {isa = PBXBuildFile; fileRef = 525C73392774BDB7009CBD67 /* BindingCoordinator.swift */; };
		525C733B2774BDB7009CBD67 /* BindingCoordinator.swift in Sources */ = {isa = PBXBuildFile; fileRef = 525C73392774BDB7009CBD67 /* BindingCoordinator.swift */; };
		525C7341277BC788009CBD67 /* ShowingCoordinator.swift in Sources */ = {isa = PBXBuildFile; fileRef = 525C7340277BC788009CBD67 /* ShowingCoordinator.swift */; };
		525C7342277BC788009CBD67 /* ShowingCoordinator.swift in Sources */ = {isa = PBXBuildFile; fileRef = 525C7340277BC788009CBD67 /* ShowingCoordinator.swift */; };
		525C7344277BCDDA009CBD67 /* SwiftUINavigation in Frameworks */ = {isa = PBXBuildFile; productRef = 525C7343277BCDDA009CBD67 /* SwiftUINavigation */; };
		526D9F2426AF661F00B6B882 /* Assets.xcassets in Resources */ = {isa = PBXBuildFile; fileRef = 526D9F1C26AF661F00B6B882 /* Assets.xcassets */; };
		526D9F2526AF661F00B6B882 /* Assets.xcassets in Resources */ = {isa = PBXBuildFile; fileRef = 526D9F1C26AF661F00B6B882 /* Assets.xcassets */; };
		526D9F2E26AF661F00B6B882 /* VMCoordinator.swift in Sources */ = {isa = PBXBuildFile; fileRef = 526D9F2226AF661F00B6B882 /* VMCoordinator.swift */; };
		526D9F2F26AF661F00B6B882 /* VMCoordinator.swift in Sources */ = {isa = PBXBuildFile; fileRef = 526D9F2226AF661F00B6B882 /* VMCoordinator.swift */; };
		526D9F3326AF667000B6B882 /* FlowStacksApp.swift in Sources */ = {isa = PBXBuildFile; fileRef = 526D9F3226AF667000B6B882 /* FlowStacksApp.swift */; };
		526D9F3426AF667000B6B882 /* FlowStacksApp.swift in Sources */ = {isa = PBXBuildFile; fileRef = 526D9F3226AF667000B6B882 /* FlowStacksApp.swift */; };
		52C5CCDE286EE92B0075ABA7 /* Deeplink.swift in Sources */ = {isa = PBXBuildFile; fileRef = 52C5CCDD286EE92B0075ABA7 /* Deeplink.swift */; };
		52C5CCDF286EE92B0075ABA7 /* Deeplink.swift in Sources */ = {isa = PBXBuildFile; fileRef = 52C5CCDD286EE92B0075ABA7 /* Deeplink.swift */; };
		77F136ED282E45E0008A6A02 /* ParentCoordinator.swift in Sources */ = {isa = PBXBuildFile; fileRef = 77F136EC282E45DF008A6A02 /* ParentCoordinator.swift */; };
		77F136EE282E45E0008A6A02 /* ParentCoordinator.swift in Sources */ = {isa = PBXBuildFile; fileRef = 77F136EC282E45DF008A6A02 /* ParentCoordinator.swift */; };
/* End PBXBuildFile section */

/* Begin PBXFileReference section */
		5241BF3326AA1D3B002D6892 /* FlowStacksApp.app */ = {isa = PBXFileReference; explicitFileType = wrapper.application; includeInIndex = 0; path = FlowStacksApp.app; sourceTree = BUILT_PRODUCTS_DIR; };
		5241BF3926AA1D3B002D6892 /* FlowStacksApp.app */ = {isa = PBXFileReference; explicitFileType = wrapper.application; includeInIndex = 0; path = FlowStacksApp.app; sourceTree = BUILT_PRODUCTS_DIR; };
		525C73362774BA6B009CBD67 /* NumberCoordinator.swift */ = {isa = PBXFileReference; fileEncoding = 4; lastKnownFileType = sourcecode.swift; path = NumberCoordinator.swift; sourceTree = "<group>"; };
		525C73392774BDB7009CBD67 /* BindingCoordinator.swift */ = {isa = PBXFileReference; lastKnownFileType = sourcecode.swift; path = BindingCoordinator.swift; sourceTree = "<group>"; };
		525C7340277BC788009CBD67 /* ShowingCoordinator.swift */ = {isa = PBXFileReference; lastKnownFileType = sourcecode.swift; path = ShowingCoordinator.swift; sourceTree = "<group>"; };
		526D9F1C26AF661F00B6B882 /* Assets.xcassets */ = {isa = PBXFileReference; lastKnownFileType = folder.assetcatalog; path = Assets.xcassets; sourceTree = "<group>"; };
		526D9F2226AF661F00B6B882 /* VMCoordinator.swift */ = {isa = PBXFileReference; fileEncoding = 4; lastKnownFileType = sourcecode.swift; path = VMCoordinator.swift; sourceTree = "<group>"; };
		526D9F3226AF667000B6B882 /* FlowStacksApp.swift */ = {isa = PBXFileReference; lastKnownFileType = sourcecode.swift; path = FlowStacksApp.swift; sourceTree = "<group>"; };
		52937A3F28904C8B001B4EF3 /* FlowStacks */ = {isa = PBXFileReference; lastKnownFileType = wrapper; name = FlowStacks; sourceTree = "<group>"; };
		52C5CCDB286E5D780075ABA7 /* Info.plist */ = {isa = PBXFileReference; lastKnownFileType = text.plist.xml; path = Info.plist; sourceTree = "<group>"; };
		52C5CCDD286EE92B0075ABA7 /* Deeplink.swift */ = {isa = PBXFileReference; lastKnownFileType = sourcecode.swift; path = Deeplink.swift; sourceTree = "<group>"; };
		77F136EC282E45DF008A6A02 /* ParentCoordinator.swift */ = {isa = PBXFileReference; lastKnownFileType = sourcecode.swift; path = ParentCoordinator.swift; sourceTree = "<group>"; };
/* End PBXFileReference section */

/* Begin PBXFrameworksBuildPhase section */
		5241BF3026AA1D3B002D6892 /* Frameworks */ = {
			isa = PBXFrameworksBuildPhase;
			buildActionMask = 2147483647;
			files = (
				525C733527729300009CBD67 /* SwiftUINavigation in Frameworks */,
				5241BF7126AA1E8F002D6892 /* FlowStacks in Frameworks */,
			);
			runOnlyForDeploymentPostprocessing = 0;
		};
		5241BF3626AA1D3B002D6892 /* Frameworks */ = {
			isa = PBXFrameworksBuildPhase;
			buildActionMask = 2147483647;
			files = (
				525C7344277BCDDA009CBD67 /* SwiftUINavigation in Frameworks */,
				5241BF6F26AA1E8A002D6892 /* FlowStacks in Frameworks */,
			);
			runOnlyForDeploymentPostprocessing = 0;
		};
/* End PBXFrameworksBuildPhase section */

/* Begin PBXGroup section */
		5241BF2626AA1D3A002D6892 = {
			isa = PBXGroup;
			children = (
				52937A3E28904C8B001B4EF3 /* Packages */,
				526D9F1B26AF661F00B6B882 /* FlowStacksApp */,
				5241BF3426AA1D3B002D6892 /* Products */,
				5241BF6D26AA1E8A002D6892 /* Frameworks */,
			);
			sourceTree = "<group>";
		};
		5241BF3426AA1D3B002D6892 /* Products */ = {
			isa = PBXGroup;
			children = (
				5241BF3326AA1D3B002D6892 /* FlowStacksApp.app */,
				5241BF3926AA1D3B002D6892 /* FlowStacksApp.app */,
			);
			name = Products;
			sourceTree = "<group>";
		};
		5241BF6D26AA1E8A002D6892 /* Frameworks */ = {
			isa = PBXGroup;
			children = (
			);
			name = Frameworks;
			sourceTree = "<group>";
		};
		526D9F1B26AF661F00B6B882 /* FlowStacksApp */ = {
			isa = PBXGroup;
			children = (
				52C5CCDB286E5D780075ABA7 /* Info.plist */,
				526D9F1C26AF661F00B6B882 /* Assets.xcassets */,
				526D9F1D26AF661F00B6B882 /* Shared */,
			);
			path = FlowStacksApp;
			sourceTree = "<group>";
		};
		526D9F1D26AF661F00B6B882 /* Shared */ = {
			isa = PBXGroup;
			children = (
				77F136EC282E45DF008A6A02 /* ParentCoordinator.swift */,
				526D9F3226AF667000B6B882 /* FlowStacksApp.swift */,
				525C73362774BA6B009CBD67 /* NumberCoordinator.swift */,
				526D9F2226AF661F00B6B882 /* VMCoordinator.swift */,
				525C7340277BC788009CBD67 /* ShowingCoordinator.swift */,
				525C73392774BDB7009CBD67 /* BindingCoordinator.swift */,
				52C5CCDD286EE92B0075ABA7 /* Deeplink.swift */,
			);
			path = Shared;
			sourceTree = "<group>";
		};
		52937A3E28904C8B001B4EF3 /* Packages */ = {
			isa = PBXGroup;
			children = (
				52937A3F28904C8B001B4EF3 /* FlowStacks */,
			);
			name = Packages;
			sourceTree = "<group>";
		};
/* End PBXGroup section */

/* Begin PBXNativeTarget section */
		5241BF3226AA1D3B002D6892 /* FlowStacksApp (iOS) */ = {
			isa = PBXNativeTarget;
			buildConfigurationList = 5241BF4226AA1D3B002D6892 /* Build configuration list for PBXNativeTarget "FlowStacksApp (iOS)" */;
			buildPhases = (
				5241BF2F26AA1D3B002D6892 /* Sources */,
				5241BF3026AA1D3B002D6892 /* Frameworks */,
				5241BF3126AA1D3B002D6892 /* Resources */,
			);
			buildRules = (
			);
			dependencies = (
			);
			name = "FlowStacksApp (iOS)";
			packageProductDependencies = (
				5241BF7026AA1E8F002D6892 /* FlowStacks */,
				525C733427729300009CBD67 /* SwiftUINavigation */,
			);
			productName = "FlowStacksApp (iOS)";
			productReference = 5241BF3326AA1D3B002D6892 /* FlowStacksApp.app */;
			productType = "com.apple.product-type.application";
		};
		5241BF3826AA1D3B002D6892 /* FlowStacksApp (macOS) */ = {
			isa = PBXNativeTarget;
			buildConfigurationList = 5241BF4526AA1D3B002D6892 /* Build configuration list for PBXNativeTarget "FlowStacksApp (macOS)" */;
			buildPhases = (
				5241BF3526AA1D3B002D6892 /* Sources */,
				5241BF3626AA1D3B002D6892 /* Frameworks */,
				5241BF3726AA1D3B002D6892 /* Resources */,
			);
			buildRules = (
			);
			dependencies = (
			);
			name = "FlowStacksApp (macOS)";
			packageProductDependencies = (
				5241BF6E26AA1E8A002D6892 /* FlowStacks */,
				525C7343277BCDDA009CBD67 /* SwiftUINavigation */,
			);
			productName = "FlowStacksApp (macOS)";
			productReference = 5241BF3926AA1D3B002D6892 /* FlowStacksApp.app */;
			productType = "com.apple.product-type.application";
		};
/* End PBXNativeTarget section */

/* Begin PBXProject section */
		5241BF2726AA1D3A002D6892 /* Project object */ = {
			isa = PBXProject;
			attributes = {
				BuildIndependentTargetsInParallel = 1;
				LastSwiftUpdateCheck = 1300;
				LastUpgradeCheck = 1420;
				TargetAttributes = {
					5241BF3226AA1D3B002D6892 = {
						CreatedOnToolsVersion = 13.0;
					};
					5241BF3826AA1D3B002D6892 = {
						CreatedOnToolsVersion = 13.0;
					};
				};
			};
			buildConfigurationList = 5241BF2A26AA1D3A002D6892 /* Build configuration list for PBXProject "FlowStacksApp" */;
			compatibilityVersion = "Xcode 13.0";
			developmentRegion = en;
			hasScannedForEncodings = 0;
			knownRegions = (
				en,
				Base,
			);
			mainGroup = 5241BF2626AA1D3A002D6892;
			packageReferences = (
				525C733327729300009CBD67 /* XCRemoteSwiftPackageReference "swiftui-navigation" */,
			);
			productRefGroup = 5241BF3426AA1D3B002D6892 /* Products */;
			projectDirPath = "";
			projectRoot = "";
			targets = (
				5241BF3226AA1D3B002D6892 /* FlowStacksApp (iOS) */,
				5241BF3826AA1D3B002D6892 /* FlowStacksApp (macOS) */,
			);
		};
/* End PBXProject section */

/* Begin PBXResourcesBuildPhase section */
		5241BF3126AA1D3B002D6892 /* Resources */ = {
			isa = PBXResourcesBuildPhase;
			buildActionMask = 2147483647;
			files = (
				526D9F2426AF661F00B6B882 /* Assets.xcassets in Resources */,
			);
			runOnlyForDeploymentPostprocessing = 0;
		};
		5241BF3726AA1D3B002D6892 /* Resources */ = {
			isa = PBXResourcesBuildPhase;
			buildActionMask = 2147483647;
			files = (
				526D9F2526AF661F00B6B882 /* Assets.xcassets in Resources */,
			);
			runOnlyForDeploymentPostprocessing = 0;
		};
/* End PBXResourcesBuildPhase section */

/* Begin PBXSourcesBuildPhase section */
		5241BF2F26AA1D3B002D6892 /* Sources */ = {
			isa = PBXSourcesBuildPhase;
			buildActionMask = 2147483647;
			files = (
				526D9F3326AF667000B6B882 /* FlowStacksApp.swift in Sources */,
				526D9F2E26AF661F00B6B882 /* VMCoordinator.swift in Sources */,
				77F136EE282E45E0008A6A02 /* ParentCoordinator.swift in Sources */,
				52C5CCDE286EE92B0075ABA7 /* Deeplink.swift in Sources */,
				525C733A2774BDB7009CBD67 /* BindingCoordinator.swift in Sources */,
				525C73372774BA6B009CBD67 /* NumberCoordinator.swift in Sources */,
				525C7341277BC788009CBD67 /* ShowingCoordinator.swift in Sources */,
			);
			runOnlyForDeploymentPostprocessing = 0;
		};
		5241BF3526AA1D3B002D6892 /* Sources */ = {
			isa = PBXSourcesBuildPhase;
			buildActionMask = 2147483647;
			files = (
				526D9F3426AF667000B6B882 /* FlowStacksApp.swift in Sources */,
				526D9F2F26AF661F00B6B882 /* VMCoordinator.swift in Sources */,
				77F136ED282E45E0008A6A02 /* ParentCoordinator.swift in Sources */,
				52C5CCDF286EE92B0075ABA7 /* Deeplink.swift in Sources */,
				525C733B2774BDB7009CBD67 /* BindingCoordinator.swift in Sources */,
				525C73382774BA6B009CBD67 /* NumberCoordinator.swift in Sources */,
				525C7342277BC788009CBD67 /* ShowingCoordinator.swift in Sources */,
			);
			runOnlyForDeploymentPostprocessing = 0;
		};
/* End PBXSourcesBuildPhase section */

/* Begin XCBuildConfiguration section */
		5241BF4026AA1D3B002D6892 /* Debug */ = {
			isa = XCBuildConfiguration;
			buildSettings = {
				ALWAYS_SEARCH_USER_PATHS = NO;
				CLANG_ANALYZER_NONNULL = YES;
				CLANG_ANALYZER_NUMBER_OBJECT_CONVERSION = YES_AGGRESSIVE;
				CLANG_CXX_LANGUAGE_STANDARD = "gnu++14";
				CLANG_CXX_LIBRARY = "libc++";
				CLANG_ENABLE_MODULES = YES;
				CLANG_ENABLE_OBJC_ARC = YES;
				CLANG_ENABLE_OBJC_WEAK = YES;
				CLANG_WARN_BLOCK_CAPTURE_AUTORELEASING = YES;
				CLANG_WARN_BOOL_CONVERSION = YES;
				CLANG_WARN_COMMA = YES;
				CLANG_WARN_CONSTANT_CONVERSION = YES;
				CLANG_WARN_DEPRECATED_OBJC_IMPLEMENTATIONS = YES;
				CLANG_WARN_DIRECT_OBJC_ISA_USAGE = YES_ERROR;
				CLANG_WARN_DOCUMENTATION_COMMENTS = YES;
				CLANG_WARN_EMPTY_BODY = YES;
				CLANG_WARN_ENUM_CONVERSION = YES;
				CLANG_WARN_INFINITE_RECURSION = YES;
				CLANG_WARN_INT_CONVERSION = YES;
				CLANG_WARN_NON_LITERAL_NULL_CONVERSION = YES;
				CLANG_WARN_OBJC_IMPLICIT_RETAIN_SELF = YES;
				CLANG_WARN_OBJC_LITERAL_CONVERSION = YES;
				CLANG_WARN_OBJC_ROOT_CLASS = YES_ERROR;
				CLANG_WARN_QUOTED_INCLUDE_IN_FRAMEWORK_HEADER = YES;
				CLANG_WARN_RANGE_LOOP_ANALYSIS = YES;
				CLANG_WARN_STRICT_PROTOTYPES = YES;
				CLANG_WARN_SUSPICIOUS_MOVE = YES;
				CLANG_WARN_UNGUARDED_AVAILABILITY = YES_AGGRESSIVE;
				CLANG_WARN_UNREACHABLE_CODE = YES;
				CLANG_WARN__DUPLICATE_METHOD_MATCH = YES;
				COPY_PHASE_STRIP = NO;
				DEAD_CODE_STRIPPING = YES;
				DEBUG_INFORMATION_FORMAT = dwarf;
				ENABLE_STRICT_OBJC_MSGSEND = YES;
				ENABLE_TESTABILITY = YES;
				GCC_C_LANGUAGE_STANDARD = gnu11;
				GCC_DYNAMIC_NO_PIC = NO;
				GCC_NO_COMMON_BLOCKS = YES;
				GCC_OPTIMIZATION_LEVEL = 0;
				GCC_PREPROCESSOR_DEFINITIONS = (
					"DEBUG=1",
					"$(inherited)",
				);
				GCC_WARN_64_TO_32_BIT_CONVERSION = YES;
				GCC_WARN_ABOUT_RETURN_TYPE = YES_ERROR;
				GCC_WARN_UNDECLARED_SELECTOR = YES;
				GCC_WARN_UNINITIALIZED_AUTOS = YES_AGGRESSIVE;
				GCC_WARN_UNUSED_FUNCTION = YES;
				GCC_WARN_UNUSED_VARIABLE = YES;
				MTL_ENABLE_DEBUG_INFO = INCLUDE_SOURCE;
				MTL_FAST_MATH = YES;
				ONLY_ACTIVE_ARCH = YES;
				SWIFT_ACTIVE_COMPILATION_CONDITIONS = DEBUG;
				SWIFT_OPTIMIZATION_LEVEL = "-Onone";
			};
			name = Debug;
		};
		5241BF4126AA1D3B002D6892 /* Release */ = {
			isa = XCBuildConfiguration;
			buildSettings = {
				ALWAYS_SEARCH_USER_PATHS = NO;
				CLANG_ANALYZER_NONNULL = YES;
				CLANG_ANALYZER_NUMBER_OBJECT_CONVERSION = YES_AGGRESSIVE;
				CLANG_CXX_LANGUAGE_STANDARD = "gnu++14";
				CLANG_CXX_LIBRARY = "libc++";
				CLANG_ENABLE_MODULES = YES;
				CLANG_ENABLE_OBJC_ARC = YES;
				CLANG_ENABLE_OBJC_WEAK = YES;
				CLANG_WARN_BLOCK_CAPTURE_AUTORELEASING = YES;
				CLANG_WARN_BOOL_CONVERSION = YES;
				CLANG_WARN_COMMA = YES;
				CLANG_WARN_CONSTANT_CONVERSION = YES;
				CLANG_WARN_DEPRECATED_OBJC_IMPLEMENTATIONS = YES;
				CLANG_WARN_DIRECT_OBJC_ISA_USAGE = YES_ERROR;
				CLANG_WARN_DOCUMENTATION_COMMENTS = YES;
				CLANG_WARN_EMPTY_BODY = YES;
				CLANG_WARN_ENUM_CONVERSION = YES;
				CLANG_WARN_INFINITE_RECURSION = YES;
				CLANG_WARN_INT_CONVERSION = YES;
				CLANG_WARN_NON_LITERAL_NULL_CONVERSION = YES;
				CLANG_WARN_OBJC_IMPLICIT_RETAIN_SELF = YES;
				CLANG_WARN_OBJC_LITERAL_CONVERSION = YES;
				CLANG_WARN_OBJC_ROOT_CLASS = YES_ERROR;
				CLANG_WARN_QUOTED_INCLUDE_IN_FRAMEWORK_HEADER = YES;
				CLANG_WARN_RANGE_LOOP_ANALYSIS = YES;
				CLANG_WARN_STRICT_PROTOTYPES = YES;
				CLANG_WARN_SUSPICIOUS_MOVE = YES;
				CLANG_WARN_UNGUARDED_AVAILABILITY = YES_AGGRESSIVE;
				CLANG_WARN_UNREACHABLE_CODE = YES;
				CLANG_WARN__DUPLICATE_METHOD_MATCH = YES;
				COPY_PHASE_STRIP = NO;
				DEAD_CODE_STRIPPING = YES;
				DEBUG_INFORMATION_FORMAT = "dwarf-with-dsym";
				ENABLE_NS_ASSERTIONS = NO;
				ENABLE_STRICT_OBJC_MSGSEND = YES;
				GCC_C_LANGUAGE_STANDARD = gnu11;
				GCC_NO_COMMON_BLOCKS = YES;
				GCC_WARN_64_TO_32_BIT_CONVERSION = YES;
				GCC_WARN_ABOUT_RETURN_TYPE = YES_ERROR;
				GCC_WARN_UNDECLARED_SELECTOR = YES;
				GCC_WARN_UNINITIALIZED_AUTOS = YES_AGGRESSIVE;
				GCC_WARN_UNUSED_FUNCTION = YES;
				GCC_WARN_UNUSED_VARIABLE = YES;
				MTL_ENABLE_DEBUG_INFO = NO;
				MTL_FAST_MATH = YES;
				SWIFT_COMPILATION_MODE = wholemodule;
				SWIFT_OPTIMIZATION_LEVEL = "-O";
			};
			name = Release;
		};
		5241BF4326AA1D3B002D6892 /* Debug */ = {
			isa = XCBuildConfiguration;
			buildSettings = {
				ASSETCATALOG_COMPILER_APPICON_NAME = AppIcon;
				ASSETCATALOG_COMPILER_GLOBAL_ACCENT_COLOR_NAME = AccentColor;
				CODE_SIGN_STYLE = Automatic;
				CURRENT_PROJECT_VERSION = 1;
				DEVELOPMENT_TEAM = QJAU94J65Z;
				ENABLE_PREVIEWS = YES;
				GENERATE_INFOPLIST_FILE = YES;
				INFOPLIST_FILE = FlowStacksApp/Info.plist;
				INFOPLIST_KEY_UIApplicationSceneManifest_Generation = YES;
				INFOPLIST_KEY_UIApplicationSupportsIndirectInputEvents = YES;
				INFOPLIST_KEY_UILaunchScreen_Generation = YES;
				INFOPLIST_KEY_UISupportedInterfaceOrientations_iPad = "UIInterfaceOrientationPortrait UIInterfaceOrientationPortraitUpsideDown UIInterfaceOrientationLandscapeLeft UIInterfaceOrientationLandscapeRight";
				INFOPLIST_KEY_UISupportedInterfaceOrientations_iPhone = "UIInterfaceOrientationPortrait UIInterfaceOrientationLandscapeLeft UIInterfaceOrientationLandscapeRight";
				IPHONEOS_DEPLOYMENT_TARGET = 14.0;
				LD_RUNPATH_SEARCH_PATHS = (
					"$(inherited)",
					"@executable_path/Frameworks",
				);
				MARKETING_VERSION = 1.0;
				PRODUCT_BUNDLE_IDENTIFIER = uk.johnpatrickmorgan.FlowStacksApp;
				PRODUCT_NAME = FlowStacksApp;
				SDKROOT = iphoneos;
				SWIFT_EMIT_LOC_STRINGS = YES;
				SWIFT_VERSION = 5.0;
				TARGETED_DEVICE_FAMILY = "1,2";
			};
			name = Debug;
		};
		5241BF4426AA1D3B002D6892 /* Release */ = {
			isa = XCBuildConfiguration;
			buildSettings = {
				ASSETCATALOG_COMPILER_APPICON_NAME = AppIcon;
				ASSETCATALOG_COMPILER_GLOBAL_ACCENT_COLOR_NAME = AccentColor;
				CODE_SIGN_STYLE = Automatic;
				CURRENT_PROJECT_VERSION = 1;
				DEVELOPMENT_TEAM = QJAU94J65Z;
				ENABLE_PREVIEWS = YES;
				GENERATE_INFOPLIST_FILE = YES;
				INFOPLIST_FILE = FlowStacksApp/Info.plist;
				INFOPLIST_KEY_UIApplicationSceneManifest_Generation = YES;
				INFOPLIST_KEY_UIApplicationSupportsIndirectInputEvents = YES;
				INFOPLIST_KEY_UILaunchScreen_Generation = YES;
				INFOPLIST_KEY_UISupportedInterfaceOrientations_iPad = "UIInterfaceOrientationPortrait UIInterfaceOrientationPortraitUpsideDown UIInterfaceOrientationLandscapeLeft UIInterfaceOrientationLandscapeRight";
				INFOPLIST_KEY_UISupportedInterfaceOrientations_iPhone = "UIInterfaceOrientationPortrait UIInterfaceOrientationLandscapeLeft UIInterfaceOrientationLandscapeRight";
				IPHONEOS_DEPLOYMENT_TARGET = 14.0;
				LD_RUNPATH_SEARCH_PATHS = (
					"$(inherited)",
					"@executable_path/Frameworks",
				);
				MARKETING_VERSION = 1.0;
				PRODUCT_BUNDLE_IDENTIFIER = uk.johnpatrickmorgan.FlowStacksApp;
				PRODUCT_NAME = FlowStacksApp;
				SDKROOT = iphoneos;
				SWIFT_EMIT_LOC_STRINGS = YES;
				SWIFT_VERSION = 5.0;
				TARGETED_DEVICE_FAMILY = "1,2";
				VALIDATE_PRODUCT = YES;
			};
			name = Release;
		};
		5241BF4626AA1D3B002D6892 /* Debug */ = {
			isa = XCBuildConfiguration;
			buildSettings = {
				ASSETCATALOG_COMPILER_APPICON_NAME = AppIcon;
				ASSETCATALOG_COMPILER_GLOBAL_ACCENT_COLOR_NAME = AccentColor;
				CODE_SIGN_IDENTITY = "-";
				CODE_SIGN_STYLE = Automatic;
				COMBINE_HIDPI_IMAGES = YES;
				CURRENT_PROJECT_VERSION = 1;
				DEAD_CODE_STRIPPING = YES;
				DEVELOPMENT_TEAM = QJAU94J65Z;
				ENABLE_APP_SANDBOX = YES;
				ENABLE_HARDENED_RUNTIME = YES;
				ENABLE_PREVIEWS = YES;
				ENABLE_USER_SELECTED_FILES = readonly;
				GENERATE_INFOPLIST_FILE = YES;
				INFOPLIST_FILE = FlowStacksApp/Info.plist;
				INFOPLIST_KEY_NSHumanReadableCopyright = "";
				LD_RUNPATH_SEARCH_PATHS = (
					"$(inherited)",
					"@executable_path/../Frameworks",
				);
				MACOSX_DEPLOYMENT_TARGET = 11.0;
				MARKETING_VERSION = 1.0;
				PRODUCT_BUNDLE_IDENTIFIER = uk.johnpatrickmorgan.FlowStacksApp;
				PRODUCT_NAME = FlowStacksApp;
				SDKROOT = macosx;
				SWIFT_EMIT_LOC_STRINGS = YES;
				SWIFT_VERSION = 5.0;
			};
			name = Debug;
		};
		5241BF4726AA1D3B002D6892 /* Release */ = {
			isa = XCBuildConfiguration;
			buildSettings = {
				ASSETCATALOG_COMPILER_APPICON_NAME = AppIcon;
				ASSETCATALOG_COMPILER_GLOBAL_ACCENT_COLOR_NAME = AccentColor;
				CODE_SIGN_IDENTITY = "-";
				CODE_SIGN_STYLE = Automatic;
				COMBINE_HIDPI_IMAGES = YES;
				CURRENT_PROJECT_VERSION = 1;
				DEAD_CODE_STRIPPING = YES;
				DEVELOPMENT_TEAM = QJAU94J65Z;
				ENABLE_APP_SANDBOX = YES;
				ENABLE_HARDENED_RUNTIME = YES;
				ENABLE_PREVIEWS = YES;
				ENABLE_USER_SELECTED_FILES = readonly;
				GENERATE_INFOPLIST_FILE = YES;
				INFOPLIST_FILE = FlowStacksApp/Info.plist;
				INFOPLIST_KEY_NSHumanReadableCopyright = "";
				LD_RUNPATH_SEARCH_PATHS = (
					"$(inherited)",
					"@executable_path/../Frameworks",
				);
				MACOSX_DEPLOYMENT_TARGET = 11.0;
				MARKETING_VERSION = 1.0;
				PRODUCT_BUNDLE_IDENTIFIER = uk.johnpatrickmorgan.FlowStacksApp;
				PRODUCT_NAME = FlowStacksApp;
				SDKROOT = macosx;
				SWIFT_EMIT_LOC_STRINGS = YES;
				SWIFT_VERSION = 5.0;
			};
			name = Release;
		};
/* End XCBuildConfiguration section */

/* Begin XCConfigurationList section */
		5241BF2A26AA1D3A002D6892 /* Build configuration list for PBXProject "FlowStacksApp" */ = {
			isa = XCConfigurationList;
			buildConfigurations = (
				5241BF4026AA1D3B002D6892 /* Debug */,
				5241BF4126AA1D3B002D6892 /* Release */,
			);
			defaultConfigurationIsVisible = 0;
			defaultConfigurationName = Release;
		};
		5241BF4226AA1D3B002D6892 /* Build configuration list for PBXNativeTarget "FlowStacksApp (iOS)" */ = {
			isa = XCConfigurationList;
			buildConfigurations = (
				5241BF4326AA1D3B002D6892 /* Debug */,
				5241BF4426AA1D3B002D6892 /* Release */,
			);
			defaultConfigurationIsVisible = 0;
			defaultConfigurationName = Release;
		};
		5241BF4526AA1D3B002D6892 /* Build configuration list for PBXNativeTarget "FlowStacksApp (macOS)" */ = {
			isa = XCConfigurationList;
			buildConfigurations = (
				5241BF4626AA1D3B002D6892 /* Debug */,
				5241BF4726AA1D3B002D6892 /* Release */,
			);
			defaultConfigurationIsVisible = 0;
			defaultConfigurationName = Release;
		};
/* End XCConfigurationList section */

/* Begin XCRemoteSwiftPackageReference section */
		525C733327729300009CBD67 /* XCRemoteSwiftPackageReference "swiftui-navigation" */ = {
			isa = XCRemoteSwiftPackageReference;
			repositoryURL = "https://github.com/pointfreeco/swiftui-navigation";
			requirement = {
				kind = upToNextMajorVersion;
				minimumVersion = 0.1.0;
			};
		};
/* End XCRemoteSwiftPackageReference section */

/* Begin XCSwiftPackageProductDependency section */
		5241BF6E26AA1E8A002D6892 /* FlowStacks */ = {
			isa = XCSwiftPackageProductDependency;
			productName = FlowStacks;
		};
		5241BF7026AA1E8F002D6892 /* FlowStacks */ = {
			isa = XCSwiftPackageProductDependency;
			productName = FlowStacks;
		};
		525C733427729300009CBD67 /* SwiftUINavigation */ = {
			isa = XCSwiftPackageProductDependency;
			package = 525C733327729300009CBD67 /* XCRemoteSwiftPackageReference "swiftui-navigation" */;
			productName = SwiftUINavigation;
		};
		525C7343277BCDDA009CBD67 /* SwiftUINavigation */ = {
			isa = XCSwiftPackageProductDependency;
			package = 525C733327729300009CBD67 /* XCRemoteSwiftPackageReference "swiftui-navigation" */;
			productName = SwiftUINavigation;
		};
/* End XCSwiftPackageProductDependency section */
	};
	rootObject = 5241BF2726AA1D3A002D6892 /* Project object */;
}
