// !$*UTF8*$!
{
	archiveVersion = 1;
	classes = {
	};
	objectVersion = 55;
	objects = {

/* Begin PBXBuildFile section */
		521D35AC2C871FFD00C6B369 /* FlowStacksApp (watchOS).app in Embed Watch Content */ = {isa = PBXBuildFile; fileRef = 521D35AB2C871FFD00C6B369 /* FlowStacksApp (watchOS).app */; settings = {ATTRIBUTES = (RemoveHeadersOnCopy, ); }; };
		521D35C02C87204600C6B369 /* View+indexedA11y.swift in Sources */ = {isa = PBXBuildFile; fileRef = 529CB4432C6ABC7B00B0AFE9 /* View+indexedA11y.swift */; };
		521D35C12C87204600C6B369 /* NoBindingView.swift in Sources */ = {isa = PBXBuildFile; fileRef = 528AE0F02BF377C300E143C5 /* NoBindingView.swift */; };
		521D35C22C87204600C6B369 /* FlowPathView.swift in Sources */ = {isa = PBXBuildFile; fileRef = 528AE0F12BF377C300E143C5 /* FlowPathView.swift */; };
		521D35C32C87204600C6B369 /* ArrayBindingView.swift in Sources */ = {isa = PBXBuildFile; fileRef = 528AE0EF2BF377C300E143C5 /* ArrayBindingView.swift */; };
		521D35C42C87204600C6B369 /* NumberVMFlow.swift in Sources */ = {isa = PBXBuildFile; fileRef = 528AE0F22BF377C300E143C5 /* NumberVMFlow.swift */; };
		521D35C52C87204600C6B369 /* SimpleStepper.swift in Sources */ = {isa = PBXBuildFile; fileRef = 52AB99512C83C8F900AC6BA5 /* SimpleStepper.swift */; };
		521D35C62C87204600C6B369 /* NumberCoordinator.swift in Sources */ = {isa = PBXBuildFile; fileRef = 525C73362774BA6B009CBD67 /* NumberCoordinator.swift */; };
		521D35C72C87204600C6B369 /* FlowStacksApp.swift in Sources */ = {isa = PBXBuildFile; fileRef = 526D9F3226AF667000B6B882 /* FlowStacksApp.swift */; };
		521D35C82C87204600C6B369 /* Deeplink.swift in Sources */ = {isa = PBXBuildFile; fileRef = 52C5CCDD286EE92B0075ABA7 /* Deeplink.swift */; };
		521D35CB2C8720C100C6B369 /* FlowStacks in Frameworks */ = {isa = PBXBuildFile; productRef = 521D35CA2C8720C100C6B369 /* FlowStacks */; };
		521D35CC2C8721E400C6B369 /* Assets.xcassets in Resources */ = {isa = PBXBuildFile; fileRef = 52AB994D2C7A5A7900AC6BA5 /* Assets.xcassets */; };
		521D35CD2C8721E400C6B369 /* Assets.xcassets in Resources */ = {isa = PBXBuildFile; fileRef = 52AB994D2C7A5A7900AC6BA5 /* Assets.xcassets */; };
		523FF3102A79998800411CF7 /* FlowStacks in Frameworks */ = {isa = PBXBuildFile; productRef = 52E2C8F52A7268AB0042C495 /* FlowStacks */; };
		523FF3112A79998800411CF7 /* FlowStacks in Frameworks */ = {isa = PBXBuildFile; productRef = 52E2C8F52A7268AB0042C495 /* FlowStacks */; };
		5256734D2CE413E500221DEA /* ProcessArguments.swift in Sources */ = {isa = PBXBuildFile; fileRef = 5256734C2CE413E500221DEA /* ProcessArguments.swift */; };
		5256734E2CE413E500221DEA /* ProcessArguments.swift in Sources */ = {isa = PBXBuildFile; fileRef = 5256734C2CE413E500221DEA /* ProcessArguments.swift */; };
		5256734F2CE413E500221DEA /* ProcessArguments.swift in Sources */ = {isa = PBXBuildFile; fileRef = 5256734C2CE413E500221DEA /* ProcessArguments.swift */; };
		525673502CE413E500221DEA /* ProcessArguments.swift in Sources */ = {isa = PBXBuildFile; fileRef = 5256734C2CE413E500221DEA /* ProcessArguments.swift */; };
		525C73372774BA6B009CBD67 /* NumberCoordinator.swift in Sources */ = {isa = PBXBuildFile; fileRef = 525C73362774BA6B009CBD67 /* NumberCoordinator.swift */; };
		525C73382774BA6B009CBD67 /* NumberCoordinator.swift in Sources */ = {isa = PBXBuildFile; fileRef = 525C73362774BA6B009CBD67 /* NumberCoordinator.swift */; };
		526D9F3326AF667000B6B882 /* FlowStacksApp.swift in Sources */ = {isa = PBXBuildFile; fileRef = 526D9F3226AF667000B6B882 /* FlowStacksApp.swift */; };
		526D9F3426AF667000B6B882 /* FlowStacksApp.swift in Sources */ = {isa = PBXBuildFile; fileRef = 526D9F3226AF667000B6B882 /* FlowStacksApp.swift */; };
		5285BBAF2B6408F500197CE7 /* NumbersUITests.swift in Sources */ = {isa = PBXBuildFile; fileRef = 5285BBAE2B6408F500197CE7 /* NumbersUITests.swift */; };
		528AE0F32BF377C400E143C5 /* ArrayBindingView.swift in Sources */ = {isa = PBXBuildFile; fileRef = 528AE0EF2BF377C300E143C5 /* ArrayBindingView.swift */; };
		528AE0F42BF377C400E143C5 /* ArrayBindingView.swift in Sources */ = {isa = PBXBuildFile; fileRef = 528AE0EF2BF377C300E143C5 /* ArrayBindingView.swift */; };
		528AE0F52BF377C400E143C5 /* NoBindingView.swift in Sources */ = {isa = PBXBuildFile; fileRef = 528AE0F02BF377C300E143C5 /* NoBindingView.swift */; };
		528AE0F62BF377C400E143C5 /* NoBindingView.swift in Sources */ = {isa = PBXBuildFile; fileRef = 528AE0F02BF377C300E143C5 /* NoBindingView.swift */; };
		528AE0F72BF377C400E143C5 /* FlowPathView.swift in Sources */ = {isa = PBXBuildFile; fileRef = 528AE0F12BF377C300E143C5 /* FlowPathView.swift */; };
		528AE0F82BF377C400E143C5 /* FlowPathView.swift in Sources */ = {isa = PBXBuildFile; fileRef = 528AE0F12BF377C300E143C5 /* FlowPathView.swift */; };
		528AE0F92BF377C400E143C5 /* NumberVMFlow.swift in Sources */ = {isa = PBXBuildFile; fileRef = 528AE0F22BF377C300E143C5 /* NumberVMFlow.swift */; };
		528AE0FA2BF377C400E143C5 /* NumberVMFlow.swift in Sources */ = {isa = PBXBuildFile; fileRef = 528AE0F22BF377C300E143C5 /* NumberVMFlow.swift */; };
		528AE0FF2BF7662200E143C5 /* FlowStacksUITests.swift in Sources */ = {isa = PBXBuildFile; fileRef = 528AE0FE2BF7662200E143C5 /* FlowStacksUITests.swift */; };
		529CB4442C6ABC7B00B0AFE9 /* View+indexedA11y.swift in Sources */ = {isa = PBXBuildFile; fileRef = 529CB4432C6ABC7B00B0AFE9 /* View+indexedA11y.swift */; };
		529CB4452C6ABC7B00B0AFE9 /* View+indexedA11y.swift in Sources */ = {isa = PBXBuildFile; fileRef = 529CB4432C6ABC7B00B0AFE9 /* View+indexedA11y.swift */; };
		529CB4582C6AD09500B0AFE9 /* ArrayBindingView.swift in Sources */ = {isa = PBXBuildFile; fileRef = 528AE0EF2BF377C300E143C5 /* ArrayBindingView.swift */; };
		529CB4592C6AD09500B0AFE9 /* NumberVMFlow.swift in Sources */ = {isa = PBXBuildFile; fileRef = 528AE0F22BF377C300E143C5 /* NumberVMFlow.swift */; };
		529CB45A2C6AD09500B0AFE9 /* FlowPathView.swift in Sources */ = {isa = PBXBuildFile; fileRef = 528AE0F12BF377C300E143C5 /* FlowPathView.swift */; };
		529CB45B2C6AD09500B0AFE9 /* NoBindingView.swift in Sources */ = {isa = PBXBuildFile; fileRef = 528AE0F02BF377C300E143C5 /* NoBindingView.swift */; };
		529CB45C2C6AD09500B0AFE9 /* FlowStacksApp.swift in Sources */ = {isa = PBXBuildFile; fileRef = 526D9F3226AF667000B6B882 /* FlowStacksApp.swift */; };
		529CB45D2C6AD09500B0AFE9 /* View+indexedA11y.swift in Sources */ = {isa = PBXBuildFile; fileRef = 529CB4432C6ABC7B00B0AFE9 /* View+indexedA11y.swift */; };
		529CB45E2C6AD09500B0AFE9 /* NumberCoordinator.swift in Sources */ = {isa = PBXBuildFile; fileRef = 525C73362774BA6B009CBD67 /* NumberCoordinator.swift */; };
		529CB45F2C6AD09500B0AFE9 /* Deeplink.swift in Sources */ = {isa = PBXBuildFile; fileRef = 52C5CCDD286EE92B0075ABA7 /* Deeplink.swift */; };
		529CB4612C6AD0BF00B0AFE9 /* FlowStacks in Frameworks */ = {isa = PBXBuildFile; productRef = 529CB4602C6AD0BF00B0AFE9 /* FlowStacks */; };
		529D5CCE2BFE44A200C50A7C /* NestedFlowStacksUITests.swift in Sources */ = {isa = PBXBuildFile; fileRef = 529D5CCD2BFE44A200C50A7C /* NestedFlowStacksUITests.swift */; };
		52AB994E2C7A5A7900AC6BA5 /* Assets.xcassets in Resources */ = {isa = PBXBuildFile; fileRef = 52AB994D2C7A5A7900AC6BA5 /* Assets.xcassets */; };
		52AB994F2C7A5A7900AC6BA5 /* Assets.xcassets in Resources */ = {isa = PBXBuildFile; fileRef = 52AB994D2C7A5A7900AC6BA5 /* Assets.xcassets */; };
		52AB99522C83C90300AC6BA5 /* SimpleStepper.swift in Sources */ = {isa = PBXBuildFile; fileRef = 52AB99512C83C8F900AC6BA5 /* SimpleStepper.swift */; };
		52AB99532C83C90300AC6BA5 /* SimpleStepper.swift in Sources */ = {isa = PBXBuildFile; fileRef = 52AB99512C83C8F900AC6BA5 /* SimpleStepper.swift */; };
		52AB99542C83C90300AC6BA5 /* SimpleStepper.swift in Sources */ = {isa = PBXBuildFile; fileRef = 52AB99512C83C8F900AC6BA5 /* SimpleStepper.swift */; };
		52C5CCDE286EE92B0075ABA7 /* Deeplink.swift in Sources */ = {isa = PBXBuildFile; fileRef = 52C5CCDD286EE92B0075ABA7 /* Deeplink.swift */; };
		52C5CCDF286EE92B0075ABA7 /* Deeplink.swift in Sources */ = {isa = PBXBuildFile; fileRef = 52C5CCDD286EE92B0075ABA7 /* Deeplink.swift */; };
/* End PBXBuildFile section */

/* Begin PBXContainerItemProxy section */
		521D35AD2C871FFD00C6B369 /* PBXContainerItemProxy */ = {
			isa = PBXContainerItemProxy;
			containerPortal = 5241BF2726AA1D3A002D6892 /* Project object */;
			proxyType = 1;
			remoteGlobalIDString = 521D35AA2C871FFD00C6B369;
			remoteInfo = "FlowStacksApp Watch App";
		};
		5285BBB22B6408F500197CE7 /* PBXContainerItemProxy */ = {
			isa = PBXContainerItemProxy;
			containerPortal = 5241BF2726AA1D3A002D6892 /* Project object */;
			proxyType = 1;
			remoteGlobalIDString = 5241BF3226AA1D3B002D6892;
			remoteInfo = "FlowStacksApp (iOS)";
		};
/* End PBXContainerItemProxy section */

/* Begin PBXCopyFilesBuildPhase section */
		521D35BB2C871FFE00C6B369 /* Embed Watch Content */ = {
			isa = PBXCopyFilesBuildPhase;
			buildActionMask = 2147483647;
			dstPath = "$(CONTENTS_FOLDER_PATH)/Watch";
			dstSubfolderSpec = 16;
			files = (
				521D35AC2C871FFD00C6B369 /* FlowStacksApp (watchOS).app in Embed Watch Content */,
			);
			name = "Embed Watch Content";
			runOnlyForDeploymentPostprocessing = 0;
		};
/* End PBXCopyFilesBuildPhase section */

/* Begin PBXFileReference section */
		521D35A62C871FFD00C6B369 /* FlowStacksApp.app */ = {isa = PBXFileReference; explicitFileType = wrapper.application; includeInIndex = 0; path = FlowStacksApp.app; sourceTree = BUILT_PRODUCTS_DIR; };
		521D35AB2C871FFD00C6B369 /* FlowStacksApp (watchOS).app */ = {isa = PBXFileReference; explicitFileType = wrapper.application; includeInIndex = 0; path = "FlowStacksApp (watchOS).app"; sourceTree = BUILT_PRODUCTS_DIR; };
		5241BF3326AA1D3B002D6892 /* FlowStacksApp.app */ = {isa = PBXFileReference; explicitFileType = wrapper.application; includeInIndex = 0; path = FlowStacksApp.app; sourceTree = BUILT_PRODUCTS_DIR; };
		5241BF3926AA1D3B002D6892 /* FlowStacksApp.app */ = {isa = PBXFileReference; explicitFileType = wrapper.application; includeInIndex = 0; path = FlowStacksApp.app; sourceTree = BUILT_PRODUCTS_DIR; };
		5256734C2CE413E500221DEA /* ProcessArguments.swift */ = {isa = PBXFileReference; lastKnownFileType = sourcecode.swift; path = ProcessArguments.swift; sourceTree = "<group>"; };
		525C73362774BA6B009CBD67 /* NumberCoordinator.swift */ = {isa = PBXFileReference; fileEncoding = 4; lastKnownFileType = sourcecode.swift; path = NumberCoordinator.swift; sourceTree = "<group>"; };
		526D9F3226AF667000B6B882 /* FlowStacksApp.swift */ = {isa = PBXFileReference; lastKnownFileType = sourcecode.swift; path = FlowStacksApp.swift; sourceTree = "<group>"; };
		5285BBAC2B6408F500197CE7 /* FlowStacksAppUITests.xctest */ = {isa = PBXFileReference; explicitFileType = wrapper.cfbundle; includeInIndex = 0; path = FlowStacksAppUITests.xctest; sourceTree = BUILT_PRODUCTS_DIR; };
		5285BBAE2B6408F500197CE7 /* NumbersUITests.swift */ = {isa = PBXFileReference; lastKnownFileType = sourcecode.swift; path = NumbersUITests.swift; sourceTree = "<group>"; };
		528AE0EF2BF377C300E143C5 /* ArrayBindingView.swift */ = {isa = PBXFileReference; fileEncoding = 4; lastKnownFileType = sourcecode.swift; path = ArrayBindingView.swift; sourceTree = "<group>"; };
		528AE0F02BF377C300E143C5 /* NoBindingView.swift */ = {isa = PBXFileReference; fileEncoding = 4; lastKnownFileType = sourcecode.swift; path = NoBindingView.swift; sourceTree = "<group>"; };
		528AE0F12BF377C300E143C5 /* FlowPathView.swift */ = {isa = PBXFileReference; fileEncoding = 4; lastKnownFileType = sourcecode.swift; path = FlowPathView.swift; sourceTree = "<group>"; };
		528AE0F22BF377C300E143C5 /* NumberVMFlow.swift */ = {isa = PBXFileReference; fileEncoding = 4; lastKnownFileType = sourcecode.swift; path = NumberVMFlow.swift; sourceTree = "<group>"; };
		528AE0FE2BF7662200E143C5 /* FlowStacksUITests.swift */ = {isa = PBXFileReference; lastKnownFileType = sourcecode.swift; path = FlowStacksUITests.swift; sourceTree = "<group>"; };
		529CB4432C6ABC7B00B0AFE9 /* View+indexedA11y.swift */ = {isa = PBXFileReference; lastKnownFileType = sourcecode.swift; path = "View+indexedA11y.swift"; sourceTree = "<group>"; };
		529CB44A2C6ACE7F00B0AFE9 /* FlowStacksApp (tvOS).app */ = {isa = PBXFileReference; explicitFileType = wrapper.application; includeInIndex = 0; path = "FlowStacksApp (tvOS).app"; sourceTree = BUILT_PRODUCTS_DIR; };
		529D5CCD2BFE44A200C50A7C /* NestedFlowStacksUITests.swift */ = {isa = PBXFileReference; fileEncoding = 4; lastKnownFileType = sourcecode.swift; path = NestedFlowStacksUITests.swift; sourceTree = "<group>"; };
		52AB994D2C7A5A7900AC6BA5 /* Assets.xcassets */ = {isa = PBXFileReference; lastKnownFileType = folder.assetcatalog; path = Assets.xcassets; sourceTree = "<group>"; };
		52AB99512C83C8F900AC6BA5 /* SimpleStepper.swift */ = {isa = PBXFileReference; lastKnownFileType = sourcecode.swift; path = SimpleStepper.swift; sourceTree = "<group>"; };
		52C5CCDB286E5D780075ABA7 /* Info.plist */ = {isa = PBXFileReference; lastKnownFileType = text.plist.xml; path = Info.plist; sourceTree = "<group>"; };
		52C5CCDD286EE92B0075ABA7 /* Deeplink.swift */ = {isa = PBXFileReference; lastKnownFileType = sourcecode.swift; path = Deeplink.swift; sourceTree = "<group>"; };
		52E2C8F02A7265A00042C495 /* FlowStacks */ = {isa = PBXFileReference; lastKnownFileType = wrapper; name = FlowStacks; path = .; sourceTree = "<group>"; };
/* End PBXFileReference section */

/* Begin PBXFrameworksBuildPhase section */
		521D35A82C871FFD00C6B369 /* Frameworks */ = {
			isa = PBXFrameworksBuildPhase;
			buildActionMask = 2147483647;
			files = (
				521D35CB2C8720C100C6B369 /* FlowStacks in Frameworks */,
			);
			runOnlyForDeploymentPostprocessing = 0;
		};
		5241BF3026AA1D3B002D6892 /* Frameworks */ = {
			isa = PBXFrameworksBuildPhase;
			buildActionMask = 2147483647;
			files = (
				523FF3102A79998800411CF7 /* FlowStacks in Frameworks */,
			);
			runOnlyForDeploymentPostprocessing = 0;
		};
		5241BF3626AA1D3B002D6892 /* Frameworks */ = {
			isa = PBXFrameworksBuildPhase;
			buildActionMask = 2147483647;
			files = (
				523FF3112A79998800411CF7 /* FlowStacks in Frameworks */,
			);
			runOnlyForDeploymentPostprocessing = 0;
		};
		5285BBA92B6408F500197CE7 /* Frameworks */ = {
			isa = PBXFrameworksBuildPhase;
			buildActionMask = 2147483647;
			files = (
			);
			runOnlyForDeploymentPostprocessing = 0;
		};
		529CB4472C6ACE7F00B0AFE9 /* Frameworks */ = {
			isa = PBXFrameworksBuildPhase;
			buildActionMask = 2147483647;
			files = (
				529CB4612C6AD0BF00B0AFE9 /* FlowStacks in Frameworks */,
			);
			runOnlyForDeploymentPostprocessing = 0;
		};
/* End PBXFrameworksBuildPhase section */

/* Begin PBXGroup section */
		521678E12A2FD6AE00954579 /* Packages */ = {
			isa = PBXGroup;
			children = (
				52E2C8F02A7265A00042C495 /* FlowStacks */,
			);
			name = Packages;
			sourceTree = "<group>";
		};
		5241BF2626AA1D3A002D6892 = {
			isa = PBXGroup;
			children = (
				521678E12A2FD6AE00954579 /* Packages */,
				526D9F1B26AF661F00B6B882 /* FlowStacksApp */,
				5285BBAD2B6408F500197CE7 /* FlowStacksAppUITests */,
				5241BF3426AA1D3B002D6892 /* Products */,
				5241BF6D26AA1E8A002D6892 /* Frameworks */,
			);
			sourceTree = "<group>";
		};
		5241BF3426AA1D3B002D6892 /* Products */ = {
			isa = PBXGroup;
			children = (
				5241BF3326AA1D3B002D6892 /* FlowStacksApp.app */,
				5241BF3926AA1D3B002D6892 /* FlowStacksApp.app */,
				5285BBAC2B6408F500197CE7 /* FlowStacksAppUITests.xctest */,
				529CB44A2C6ACE7F00B0AFE9 /* FlowStacksApp (tvOS).app */,
				521D35A62C871FFD00C6B369 /* FlowStacksApp.app */,
				521D35AB2C871FFD00C6B369 /* FlowStacksApp (watchOS).app */,
			);
			name = Products;
			sourceTree = "<group>";
		};
		5241BF6D26AA1E8A002D6892 /* Frameworks */ = {
			isa = PBXGroup;
			children = (
			);
			name = Frameworks;
			sourceTree = "<group>";
		};
		526D9F1B26AF661F00B6B882 /* FlowStacksApp */ = {
			isa = PBXGroup;
			children = (
				52C5CCDB286E5D780075ABA7 /* Info.plist */,
				52AB994D2C7A5A7900AC6BA5 /* Assets.xcassets */,
				526D9F1D26AF661F00B6B882 /* Shared */,
			);
			path = FlowStacksApp;
			sourceTree = "<group>";
		};
		526D9F1D26AF661F00B6B882 /* Shared */ = {
			isa = PBXGroup;
			children = (
				5256734C2CE413E500221DEA /* ProcessArguments.swift */,
				528AE0EF2BF377C300E143C5 /* ArrayBindingView.swift */,
				529CB4432C6ABC7B00B0AFE9 /* View+indexedA11y.swift */,
				528AE0F12BF377C300E143C5 /* FlowPathView.swift */,
				528AE0F02BF377C300E143C5 /* NoBindingView.swift */,
				528AE0F22BF377C300E143C5 /* NumberVMFlow.swift */,
				526D9F3226AF667000B6B882 /* FlowStacksApp.swift */,
				525C73362774BA6B009CBD67 /* NumberCoordinator.swift */,
				52C5CCDD286EE92B0075ABA7 /* Deeplink.swift */,
				52AB99512C83C8F900AC6BA5 /* SimpleStepper.swift */,
			);
			path = Shared;
			sourceTree = "<group>";
		};
		5285BBAD2B6408F500197CE7 /* FlowStacksAppUITests */ = {
			isa = PBXGroup;
			children = (
				5285BBAE2B6408F500197CE7 /* NumbersUITests.swift */,
				529D5CCD2BFE44A200C50A7C /* NestedFlowStacksUITests.swift */,
				528AE0FE2BF7662200E143C5 /* FlowStacksUITests.swift */,
			);
			path = FlowStacksAppUITests;
			sourceTree = "<group>";
		};
/* End PBXGroup section */

/* Begin PBXNativeTarget section */
		521D35A52C871FFD00C6B369 /* FlowStacksApp */ = {
			isa = PBXNativeTarget;
			buildConfigurationList = 521D35BF2C871FFE00C6B369 /* Build configuration list for PBXNativeTarget "FlowStacksApp" */;
			buildPhases = (
				521D35A42C871FFD00C6B369 /* Resources */,
				521D35BB2C871FFE00C6B369 /* Embed Watch Content */,
			);
			buildRules = (
			);
			dependencies = (
				521D35AE2C871FFD00C6B369 /* PBXTargetDependency */,
			);
			name = FlowStacksApp;
			packageProductDependencies = (
			);
			productName = FlowStacksApp;
			productReference = 521D35A62C871FFD00C6B369 /* FlowStacksApp.app */;
			productType = "com.apple.product-type.application.watchapp2-container";
		};
		521D35AA2C871FFD00C6B369 /* FlowStacksApp (watchOS) */ = {
			isa = PBXNativeTarget;
			buildConfigurationList = 521D35BE2C871FFE00C6B369 /* Build configuration list for PBXNativeTarget "FlowStacksApp (watchOS)" */;
			buildPhases = (
				521D35A72C871FFD00C6B369 /* Sources */,
				521D35A82C871FFD00C6B369 /* Frameworks */,
				521D35A92C871FFD00C6B369 /* Resources */,
			);
			buildRules = (
			);
			dependencies = (
			);
			name = "FlowStacksApp (watchOS)";
			packageProductDependencies = (
				521D35CA2C8720C100C6B369 /* FlowStacks */,
			);
			productName = "FlowStacksApp Watch App";
			productReference = 521D35AB2C871FFD00C6B369 /* FlowStacksApp (watchOS).app */;
			productType = "com.apple.product-type.application";
		};
		5241BF3226AA1D3B002D6892 /* FlowStacksApp (iOS) */ = {
			isa = PBXNativeTarget;
			buildConfigurationList = 5241BF4226AA1D3B002D6892 /* Build configuration list for PBXNativeTarget "FlowStacksApp (iOS)" */;
			buildPhases = (
				5241BF2F26AA1D3B002D6892 /* Sources */,
				5241BF3026AA1D3B002D6892 /* Frameworks */,
				5241BF3126AA1D3B002D6892 /* Resources */,
			);
			buildRules = (
			);
			dependencies = (
			);
			name = "FlowStacksApp (iOS)";
			packageProductDependencies = (
				52E2C8F52A7268AB0042C495 /* FlowStacks */,
			);
			productName = "FlowStacksApp (iOS)";
			productReference = 5241BF3326AA1D3B002D6892 /* FlowStacksApp.app */;
			productType = "com.apple.product-type.application";
		};
		5241BF3826AA1D3B002D6892 /* FlowStacksApp (macOS) */ = {
			isa = PBXNativeTarget;
			buildConfigurationList = 5241BF4526AA1D3B002D6892 /* Build configuration list for PBXNativeTarget "FlowStacksApp (macOS)" */;
			buildPhases = (
				5241BF3526AA1D3B002D6892 /* Sources */,
				5241BF3626AA1D3B002D6892 /* Frameworks */,
				5241BF3726AA1D3B002D6892 /* Resources */,
			);
			buildRules = (
			);
			dependencies = (
			);
			name = "FlowStacksApp (macOS)";
			packageProductDependencies = (
				52E2C8F52A7268AB0042C495 /* FlowStacks */,
			);
			productName = "FlowStacksApp (macOS)";
			productReference = 5241BF3926AA1D3B002D6892 /* FlowStacksApp.app */;
			productType = "com.apple.product-type.application";
		};
		5285BBAB2B6408F500197CE7 /* FlowStacksAppUITests */ = {
			isa = PBXNativeTarget;
			buildConfigurationList = 5285BBB62B6408F500197CE7 /* Build configuration list for PBXNativeTarget "FlowStacksAppUITests" */;
			buildPhases = (
				5285BBA82B6408F500197CE7 /* Sources */,
				5285BBA92B6408F500197CE7 /* Frameworks */,
				5285BBAA2B6408F500197CE7 /* Resources */,
			);
			buildRules = (
			);
			dependencies = (
				5285BBB32B6408F500197CE7 /* PBXTargetDependency */,
			);
			name = FlowStacksAppUITests;
			productName = FlowStacksAppUITests;
			productReference = 5285BBAC2B6408F500197CE7 /* FlowStacksAppUITests.xctest */;
			productType = "com.apple.product-type.bundle.ui-testing";
		};
		529CB4492C6ACE7F00B0AFE9 /* FlowStacksApp (tvOS) */ = {
			isa = PBXNativeTarget;
			buildConfigurationList = 529CB4552C6ACE8000B0AFE9 /* Build configuration list for PBXNativeTarget "FlowStacksApp (tvOS)" */;
			buildPhases = (
				529CB4462C6ACE7F00B0AFE9 /* Sources */,
				529CB4472C6ACE7F00B0AFE9 /* Frameworks */,
				529CB4482C6ACE7F00B0AFE9 /* Resources */,
			);
			buildRules = (
			);
			dependencies = (
			);
			name = "FlowStacksApp (tvOS)";
			packageProductDependencies = (
				529CB4602C6AD0BF00B0AFE9 /* FlowStacks */,
			);
			productName = FlowStacksApp;
			productReference = 529CB44A2C6ACE7F00B0AFE9 /* FlowStacksApp (tvOS).app */;
			productType = "com.apple.product-type.application";
		};
/* End PBXNativeTarget section */

/* Begin PBXProject section */
		5241BF2726AA1D3A002D6892 /* Project object */ = {
			isa = PBXProject;
			attributes = {
				BuildIndependentTargetsInParallel = 1;
				LastSwiftUpdateCheck = 1610;
				LastUpgradeCheck = 1610;
				TargetAttributes = {
					521D35A52C871FFD00C6B369 = {
						CreatedOnToolsVersion = 16.1;
					};
					521D35AA2C871FFD00C6B369 = {
						CreatedOnToolsVersion = 16.1;
					};
					5241BF3226AA1D3B002D6892 = {
						CreatedOnToolsVersion = 13.0;
					};
					5241BF3826AA1D3B002D6892 = {
						CreatedOnToolsVersion = 13.0;
					};
					5285BBAB2B6408F500197CE7 = {
						CreatedOnToolsVersion = 15.1;
						TestTargetID = 5241BF3226AA1D3B002D6892;
					};
					529CB4492C6ACE7F00B0AFE9 = {
						CreatedOnToolsVersion = 15.3;
					};
				};
			};
			buildConfigurationList = 5241BF2A26AA1D3A002D6892 /* Build configuration list for PBXProject "FlowStacksApp" */;
			compatibilityVersion = "Xcode 13.0";
			developmentRegion = en;
			hasScannedForEncodings = 0;
			knownRegions = (
				en,
				Base,
			);
			mainGroup = 5241BF2626AA1D3A002D6892;
			packageReferences = (
			);
			productRefGroup = 5241BF3426AA1D3B002D6892 /* Products */;
			projectDirPath = "";
			projectRoot = "";
			targets = (
				5241BF3226AA1D3B002D6892 /* FlowStacksApp (iOS) */,
				5241BF3826AA1D3B002D6892 /* FlowStacksApp (macOS) */,
				5285BBAB2B6408F500197CE7 /* FlowStacksAppUITests */,
				529CB4492C6ACE7F00B0AFE9 /* FlowStacksApp (tvOS) */,
				521D35AA2C871FFD00C6B369 /* FlowStacksApp (watchOS) */,
				521D35A52C871FFD00C6B369 /* FlowStacksApp */,
			);
		};
/* End PBXProject section */

/* Begin PBXResourcesBuildPhase section */
		521D35A42C871FFD00C6B369 /* Resources */ = {
			isa = PBXResourcesBuildPhase;
			buildActionMask = 2147483647;
			files = (
			);
			runOnlyForDeploymentPostprocessing = 0;
		};
		521D35A92C871FFD00C6B369 /* Resources */ = {
			isa = PBXResourcesBuildPhase;
			buildActionMask = 2147483647;
			files = (
				521D35CD2C8721E400C6B369 /* Assets.xcassets in Resources */,
			);
			runOnlyForDeploymentPostprocessing = 0;
		};
		5241BF3126AA1D3B002D6892 /* Resources */ = {
			isa = PBXResourcesBuildPhase;
			buildActionMask = 2147483647;
			files = (
				52AB994F2C7A5A7900AC6BA5 /* Assets.xcassets in Resources */,
			);
			runOnlyForDeploymentPostprocessing = 0;
		};
		5241BF3726AA1D3B002D6892 /* Resources */ = {
			isa = PBXResourcesBuildPhase;
			buildActionMask = 2147483647;
			files = (
				52AB994E2C7A5A7900AC6BA5 /* Assets.xcassets in Resources */,
			);
			runOnlyForDeploymentPostprocessing = 0;
		};
		5285BBAA2B6408F500197CE7 /* Resources */ = {
			isa = PBXResourcesBuildPhase;
			buildActionMask = 2147483647;
			files = (
			);
			runOnlyForDeploymentPostprocessing = 0;
		};
		529CB4482C6ACE7F00B0AFE9 /* Resources */ = {
			isa = PBXResourcesBuildPhase;
			buildActionMask = 2147483647;
			files = (
				521D35CC2C8721E400C6B369 /* Assets.xcassets in Resources */,
			);
			runOnlyForDeploymentPostprocessing = 0;
		};
/* End PBXResourcesBuildPhase section */

/* Begin PBXSourcesBuildPhase section */
		521D35A72C871FFD00C6B369 /* Sources */ = {
			isa = PBXSourcesBuildPhase;
			buildActionMask = 2147483647;
			files = (
				521D35C02C87204600C6B369 /* View+indexedA11y.swift in Sources */,
				521D35C12C87204600C6B369 /* NoBindingView.swift in Sources */,
				521D35C22C87204600C6B369 /* FlowPathView.swift in Sources */,
				521D35C32C87204600C6B369 /* ArrayBindingView.swift in Sources */,
				521D35C42C87204600C6B369 /* NumberVMFlow.swift in Sources */,
				521D35C52C87204600C6B369 /* SimpleStepper.swift in Sources */,
				5256734D2CE413E500221DEA /* ProcessArguments.swift in Sources */,
				521D35C62C87204600C6B369 /* NumberCoordinator.swift in Sources */,
				521D35C72C87204600C6B369 /* FlowStacksApp.swift in Sources */,
				521D35C82C87204600C6B369 /* Deeplink.swift in Sources */,
			);
			runOnlyForDeploymentPostprocessing = 0;
		};
		5241BF2F26AA1D3B002D6892 /* Sources */ = {
			isa = PBXSourcesBuildPhase;
			buildActionMask = 2147483647;
			files = (
				526D9F3326AF667000B6B882 /* FlowStacksApp.swift in Sources */,
				528AE0F72BF377C400E143C5 /* FlowPathView.swift in Sources */,
				52C5CCDE286EE92B0075ABA7 /* Deeplink.swift in Sources */,
				528AE0F32BF377C400E143C5 /* ArrayBindingView.swift in Sources */,
				529CB4442C6ABC7B00B0AFE9 /* View+indexedA11y.swift in Sources */,
				528AE0F92BF377C400E143C5 /* NumberVMFlow.swift in Sources */,
				5256734F2CE413E500221DEA /* ProcessArguments.swift in Sources */,
				52AB99532C83C90300AC6BA5 /* SimpleStepper.swift in Sources */,
				528AE0F52BF377C400E143C5 /* NoBindingView.swift in Sources */,
				525C73372774BA6B009CBD67 /* NumberCoordinator.swift in Sources */,
			);
			runOnlyForDeploymentPostprocessing = 0;
		};
		5241BF3526AA1D3B002D6892 /* Sources */ = {
			isa = PBXSourcesBuildPhase;
			buildActionMask = 2147483647;
			files = (
				526D9F3426AF667000B6B882 /* FlowStacksApp.swift in Sources */,
				528AE0F82BF377C400E143C5 /* FlowPathView.swift in Sources */,
				52C5CCDF286EE92B0075ABA7 /* Deeplink.swift in Sources */,
				528AE0F42BF377C400E143C5 /* ArrayBindingView.swift in Sources */,
				529CB4452C6ABC7B00B0AFE9 /* View+indexedA11y.swift in Sources */,
				528AE0FA2BF377C400E143C5 /* NumberVMFlow.swift in Sources */,
				5256734E2CE413E500221DEA /* ProcessArguments.swift in Sources */,
				52AB99542C83C90300AC6BA5 /* SimpleStepper.swift in Sources */,
				528AE0F62BF377C400E143C5 /* NoBindingView.swift in Sources */,
				525C73382774BA6B009CBD67 /* NumberCoordinator.swift in Sources */,
			);
			runOnlyForDeploymentPostprocessing = 0;
		};
		5285BBA82B6408F500197CE7 /* Sources */ = {
			isa = PBXSourcesBuildPhase;
			buildActionMask = 2147483647;
			files = (
				528AE0FF2BF7662200E143C5 /* FlowStacksUITests.swift in Sources */,
				529D5CCE2BFE44A200C50A7C /* NestedFlowStacksUITests.swift in Sources */,
				5285BBAF2B6408F500197CE7 /* NumbersUITests.swift in Sources */,
			);
			runOnlyForDeploymentPostprocessing = 0;
		};
		529CB4462C6ACE7F00B0AFE9 /* Sources */ = {
			isa = PBXSourcesBuildPhase;
			buildActionMask = 2147483647;
			files = (
				529CB4582C6AD09500B0AFE9 /* ArrayBindingView.swift in Sources */,
				529CB4592C6AD09500B0AFE9 /* NumberVMFlow.swift in Sources */,
				529CB45A2C6AD09500B0AFE9 /* FlowPathView.swift in Sources */,
				529CB45B2C6AD09500B0AFE9 /* NoBindingView.swift in Sources */,
				529CB45C2C6AD09500B0AFE9 /* FlowStacksApp.swift in Sources */,
				529CB45D2C6AD09500B0AFE9 /* View+indexedA11y.swift in Sources */,
				525673502CE413E500221DEA /* ProcessArguments.swift in Sources */,
				52AB99522C83C90300AC6BA5 /* SimpleStepper.swift in Sources */,
				529CB45E2C6AD09500B0AFE9 /* NumberCoordinator.swift in Sources */,
				529CB45F2C6AD09500B0AFE9 /* Deeplink.swift in Sources */,
			);
			runOnlyForDeploymentPostprocessing = 0;
		};
/* End PBXSourcesBuildPhase section */

/* Begin PBXTargetDependency section */
		521D35AE2C871FFD00C6B369 /* PBXTargetDependency */ = {
			isa = PBXTargetDependency;
			target = 521D35AA2C871FFD00C6B369 /* FlowStacksApp (watchOS) */;
			targetProxy = 521D35AD2C871FFD00C6B369 /* PBXContainerItemProxy */;
		};
		5285BBB32B6408F500197CE7 /* PBXTargetDependency */ = {
			isa = PBXTargetDependency;
			target = 5241BF3226AA1D3B002D6892 /* FlowStacksApp (iOS) */;
			targetProxy = 5285BBB22B6408F500197CE7 /* PBXContainerItemProxy */;
		};
/* End PBXTargetDependency section */

/* Begin XCBuildConfiguration section */
		521D35B92C871FFE00C6B369 /* Debug */ = {
			isa = XCBuildConfiguration;
			buildSettings = {
				CLANG_CXX_LANGUAGE_STANDARD = "gnu++20";
				CODE_SIGN_STYLE = Automatic;
				CURRENT_PROJECT_VERSION = 1;
				GCC_C_LANGUAGE_STANDARD = gnu17;
				INFOPLIST_KEY_CFBundleDisplayName = FlowStacksApp;
				LOCALIZATION_PREFERS_STRING_CATALOGS = YES;
				MARKETING_VERSION = 1.0;
				PRODUCT_BUNDLE_IDENTIFIER = co.uk.johnpatrickmorgan.FlowStacksApp;
				PRODUCT_NAME = "$(TARGET_NAME)";
				SDKROOT = iphoneos;
				SWIFT_ACTIVE_COMPILATION_CONDITIONS = "DEBUG $(inherited)";
				SWIFT_VERSION = 5.0;
			};
			name = Debug;
		};
		521D35BA2C871FFE00C6B369 /* Release */ = {
			isa = XCBuildConfiguration;
			buildSettings = {
				CLANG_CXX_LANGUAGE_STANDARD = "gnu++20";
				CODE_SIGN_STYLE = Automatic;
				CURRENT_PROJECT_VERSION = 1;
				GCC_C_LANGUAGE_STANDARD = gnu17;
				INFOPLIST_KEY_CFBundleDisplayName = FlowStacksApp;
				LOCALIZATION_PREFERS_STRING_CATALOGS = YES;
				MARKETING_VERSION = 1.0;
				PRODUCT_BUNDLE_IDENTIFIER = co.uk.johnpatrickmorgan.FlowStacksApp;
				PRODUCT_NAME = "$(TARGET_NAME)";
				SDKROOT = iphoneos;
				SWIFT_VERSION = 5.0;
				VALIDATE_PRODUCT = YES;
			};
			name = Release;
		};
		521D35BC2C871FFE00C6B369 /* Debug */ = {
			isa = XCBuildConfiguration;
			buildSettings = {
				ASSETCATALOG_COMPILER_APPICON_NAME = AppIcon;
				CLANG_CXX_LANGUAGE_STANDARD = "gnu++20";
				CODE_SIGN_STYLE = Automatic;
				CURRENT_PROJECT_VERSION = 1;
				ENABLE_PREVIEWS = YES;
				GCC_C_LANGUAGE_STANDARD = gnu17;
				GENERATE_INFOPLIST_FILE = YES;
				INFOPLIST_KEY_CFBundleDisplayName = FlowStacksApp;
				INFOPLIST_KEY_UISupportedInterfaceOrientations = "UIInterfaceOrientationPortrait UIInterfaceOrientationPortraitUpsideDown";
				INFOPLIST_KEY_WKWatchOnly = YES;
				LD_RUNPATH_SEARCH_PATHS = (
					"$(inherited)",
					"@executable_path/Frameworks",
				);
				LOCALIZATION_PREFERS_STRING_CATALOGS = YES;
				MARKETING_VERSION = 1.0;
				PRODUCT_BUNDLE_IDENTIFIER = co.uk.johnpatrickmorgan.FlowStacksApp.watchkitapp;
				PRODUCT_NAME = "$(TARGET_NAME)";
				SDKROOT = watchos;
				SKIP_INSTALL = YES;
				SWIFT_ACTIVE_COMPILATION_CONDITIONS = "DEBUG $(inherited)";
				SWIFT_EMIT_LOC_STRINGS = YES;
				SWIFT_VERSION = 5.0;
				TARGETED_DEVICE_FAMILY = 4;
				WATCHOS_DEPLOYMENT_TARGET = 11.0;
			};
			name = Debug;
		};
		521D35BD2C871FFE00C6B369 /* Release */ = {
			isa = XCBuildConfiguration;
			buildSettings = {
				ASSETCATALOG_COMPILER_APPICON_NAME = AppIcon;
				CLANG_CXX_LANGUAGE_STANDARD = "gnu++20";
				CODE_SIGN_STYLE = Automatic;
				CURRENT_PROJECT_VERSION = 1;
				ENABLE_PREVIEWS = YES;
				GCC_C_LANGUAGE_STANDARD = gnu17;
				GENERATE_INFOPLIST_FILE = YES;
				INFOPLIST_KEY_CFBundleDisplayName = FlowStacksApp;
				INFOPLIST_KEY_UISupportedInterfaceOrientations = "UIInterfaceOrientationPortrait UIInterfaceOrientationPortraitUpsideDown";
				INFOPLIST_KEY_WKWatchOnly = YES;
				LD_RUNPATH_SEARCH_PATHS = (
					"$(inherited)",
					"@executable_path/Frameworks",
				);
				LOCALIZATION_PREFERS_STRING_CATALOGS = YES;
				MARKETING_VERSION = 1.0;
				PRODUCT_BUNDLE_IDENTIFIER = co.uk.johnpatrickmorgan.FlowStacksApp.watchkitapp;
				PRODUCT_NAME = "$(TARGET_NAME)";
				SDKROOT = watchos;
				SKIP_INSTALL = YES;
				SWIFT_EMIT_LOC_STRINGS = YES;
				SWIFT_VERSION = 5.0;
				TARGETED_DEVICE_FAMILY = 4;
				VALIDATE_PRODUCT = YES;
				WATCHOS_DEPLOYMENT_TARGET = 11.0;
			};
			name = Release;
		};
		5241BF4026AA1D3B002D6892 /* Debug */ = {
			isa = XCBuildConfiguration;
			buildSettings = {
				ALWAYS_SEARCH_USER_PATHS = NO;
				ASSETCATALOG_COMPILER_GENERATE_SWIFT_ASSET_SYMBOL_EXTENSIONS = YES;
				CLANG_ANALYZER_NONNULL = YES;
				CLANG_ANALYZER_NUMBER_OBJECT_CONVERSION = YES_AGGRESSIVE;
				CLANG_CXX_LANGUAGE_STANDARD = "gnu++14";
				CLANG_CXX_LIBRARY = "libc++";
				CLANG_ENABLE_MODULES = YES;
				CLANG_ENABLE_OBJC_ARC = YES;
				CLANG_ENABLE_OBJC_WEAK = YES;
				CLANG_WARN_BLOCK_CAPTURE_AUTORELEASING = YES;
				CLANG_WARN_BOOL_CONVERSION = YES;
				CLANG_WARN_COMMA = YES;
				CLANG_WARN_CONSTANT_CONVERSION = YES;
				CLANG_WARN_DEPRECATED_OBJC_IMPLEMENTATIONS = YES;
				CLANG_WARN_DIRECT_OBJC_ISA_USAGE = YES_ERROR;
				CLANG_WARN_DOCUMENTATION_COMMENTS = YES;
				CLANG_WARN_EMPTY_BODY = YES;
				CLANG_WARN_ENUM_CONVERSION = YES;
				CLANG_WARN_INFINITE_RECURSION = YES;
				CLANG_WARN_INT_CONVERSION = YES;
				CLANG_WARN_NON_LITERAL_NULL_CONVERSION = YES;
				CLANG_WARN_OBJC_IMPLICIT_RETAIN_SELF = YES;
				CLANG_WARN_OBJC_LITERAL_CONVERSION = YES;
				CLANG_WARN_OBJC_ROOT_CLASS = YES_ERROR;
				CLANG_WARN_QUOTED_INCLUDE_IN_FRAMEWORK_HEADER = YES;
				CLANG_WARN_RANGE_LOOP_ANALYSIS = YES;
				CLANG_WARN_STRICT_PROTOTYPES = YES;
				CLANG_WARN_SUSPICIOUS_MOVE = YES;
				CLANG_WARN_UNGUARDED_AVAILABILITY = YES_AGGRESSIVE;
				CLANG_WARN_UNREACHABLE_CODE = YES;
				CLANG_WARN__DUPLICATE_METHOD_MATCH = YES;
				COPY_PHASE_STRIP = NO;
				DEAD_CODE_STRIPPING = YES;
				DEBUG_INFORMATION_FORMAT = dwarf;
				ENABLE_STRICT_OBJC_MSGSEND = YES;
				ENABLE_TESTABILITY = YES;
				ENABLE_USER_SCRIPT_SANDBOXING = YES;
				GCC_C_LANGUAGE_STANDARD = gnu11;
				GCC_DYNAMIC_NO_PIC = NO;
				GCC_NO_COMMON_BLOCKS = YES;
				GCC_OPTIMIZATION_LEVEL = 0;
				GCC_PREPROCESSOR_DEFINITIONS = (
					"DEBUG=1",
					"$(inherited)",
				);
				GCC_WARN_64_TO_32_BIT_CONVERSION = YES;
				GCC_WARN_ABOUT_RETURN_TYPE = YES_ERROR;
				GCC_WARN_UNDECLARED_SELECTOR = YES;
				GCC_WARN_UNINITIALIZED_AUTOS = YES_AGGRESSIVE;
				GCC_WARN_UNUSED_FUNCTION = YES;
				GCC_WARN_UNUSED_VARIABLE = YES;
				MTL_ENABLE_DEBUG_INFO = INCLUDE_SOURCE;
				MTL_FAST_MATH = YES;
				ONLY_ACTIVE_ARCH = YES;
				SWIFT_ACTIVE_COMPILATION_CONDITIONS = DEBUG;
				SWIFT_OPTIMIZATION_LEVEL = "-Onone";
			};
			name = Debug;
		};
		5241BF4126AA1D3B002D6892 /* Release */ = {
			isa = XCBuildConfiguration;
			buildSettings = {
				ALWAYS_SEARCH_USER_PATHS = NO;
				ASSETCATALOG_COMPILER_GENERATE_SWIFT_ASSET_SYMBOL_EXTENSIONS = YES;
				CLANG_ANALYZER_NONNULL = YES;
				CLANG_ANALYZER_NUMBER_OBJECT_CONVERSION = YES_AGGRESSIVE;
				CLANG_CXX_LANGUAGE_STANDARD = "gnu++14";
				CLANG_CXX_LIBRARY = "libc++";
				CLANG_ENABLE_MODULES = YES;
				CLANG_ENABLE_OBJC_ARC = YES;
				CLANG_ENABLE_OBJC_WEAK = YES;
				CLANG_WARN_BLOCK_CAPTURE_AUTORELEASING = YES;
				CLANG_WARN_BOOL_CONVERSION = YES;
				CLANG_WARN_COMMA = YES;
				CLANG_WARN_CONSTANT_CONVERSION = YES;
				CLANG_WARN_DEPRECATED_OBJC_IMPLEMENTATIONS = YES;
				CLANG_WARN_DIRECT_OBJC_ISA_USAGE = YES_ERROR;
				CLANG_WARN_DOCUMENTATION_COMMENTS = YES;
				CLANG_WARN_EMPTY_BODY = YES;
				CLANG_WARN_ENUM_CONVERSION = YES;
				CLANG_WARN_INFINITE_RECURSION = YES;
				CLANG_WARN_INT_CONVERSION = YES;
				CLANG_WARN_NON_LITERAL_NULL_CONVERSION = YES;
				CLANG_WARN_OBJC_IMPLICIT_RETAIN_SELF = YES;
				CLANG_WARN_OBJC_LITERAL_CONVERSION = YES;
				CLANG_WARN_OBJC_ROOT_CLASS = YES_ERROR;
				CLANG_WARN_QUOTED_INCLUDE_IN_FRAMEWORK_HEADER = YES;
				CLANG_WARN_RANGE_LOOP_ANALYSIS = YES;
				CLANG_WARN_STRICT_PROTOTYPES = YES;
				CLANG_WARN_SUSPICIOUS_MOVE = YES;
				CLANG_WARN_UNGUARDED_AVAILABILITY = YES_AGGRESSIVE;
				CLANG_WARN_UNREACHABLE_CODE = YES;
				CLANG_WARN__DUPLICATE_METHOD_MATCH = YES;
				COPY_PHASE_STRIP = NO;
				DEAD_CODE_STRIPPING = YES;
				DEBUG_INFORMATION_FORMAT = "dwarf-with-dsym";
				ENABLE_NS_ASSERTIONS = NO;
				ENABLE_STRICT_OBJC_MSGSEND = YES;
				ENABLE_USER_SCRIPT_SANDBOXING = YES;
				GCC_C_LANGUAGE_STANDARD = gnu11;
				GCC_NO_COMMON_BLOCKS = YES;
				GCC_WARN_64_TO_32_BIT_CONVERSION = YES;
				GCC_WARN_ABOUT_RETURN_TYPE = YES_ERROR;
				GCC_WARN_UNDECLARED_SELECTOR = YES;
				GCC_WARN_UNINITIALIZED_AUTOS = YES_AGGRESSIVE;
				GCC_WARN_UNUSED_FUNCTION = YES;
				GCC_WARN_UNUSED_VARIABLE = YES;
				MTL_ENABLE_DEBUG_INFO = NO;
				MTL_FAST_MATH = YES;
				SWIFT_COMPILATION_MODE = wholemodule;
				SWIFT_OPTIMIZATION_LEVEL = "-O";
			};
			name = Release;
		};
		5241BF4326AA1D3B002D6892 /* Debug */ = {
			isa = XCBuildConfiguration;
			buildSettings = {
				ASSETCATALOG_COMPILER_APPICON_NAME = AppIcon;
				CODE_SIGN_STYLE = Manual;
				CURRENT_PROJECT_VERSION = 1;
				DEVELOPMENT_TEAM = "";
				ENABLE_PREVIEWS = YES;
				GENERATE_INFOPLIST_FILE = YES;
				INFOPLIST_FILE = FlowStacksApp/Info.plist;
				INFOPLIST_KEY_UIApplicationSceneManifest_Generation = YES;
				INFOPLIST_KEY_UIApplicationSupportsIndirectInputEvents = YES;
				INFOPLIST_KEY_UILaunchScreen_Generation = YES;
				INFOPLIST_KEY_UISupportedInterfaceOrientations_iPad = "UIInterfaceOrientationPortrait UIInterfaceOrientationPortraitUpsideDown UIInterfaceOrientationLandscapeLeft UIInterfaceOrientationLandscapeRight";
				INFOPLIST_KEY_UISupportedInterfaceOrientations_iPhone = "UIInterfaceOrientationPortrait UIInterfaceOrientationLandscapeLeft UIInterfaceOrientationLandscapeRight";
				IPHONEOS_DEPLOYMENT_TARGET = 14.0;
				LD_RUNPATH_SEARCH_PATHS = (
					"$(inherited)",
					"@executable_path/Frameworks",
				);
				MARKETING_VERSION = 1.0;
				PRODUCT_BUNDLE_IDENTIFIER = uk.johnpatrickmorgan.FlowStacksApp;
				PRODUCT_NAME = FlowStacksApp;
				PROVISIONING_PROFILE_SPECIFIER = "";
				SDKROOT = iphoneos;
				SWIFT_EMIT_LOC_STRINGS = YES;
				SWIFT_VERSION = 5.0;
				TARGETED_DEVICE_FAMILY = "1,2";
			};
			name = Debug;
		};
		5241BF4426AA1D3B002D6892 /* Release */ = {
			isa = XCBuildConfiguration;
			buildSettings = {
				ASSETCATALOG_COMPILER_APPICON_NAME = AppIcon;
				CODE_SIGN_STYLE = Manual;
				CURRENT_PROJECT_VERSION = 1;
				DEVELOPMENT_TEAM = "";
				ENABLE_PREVIEWS = YES;
				GENERATE_INFOPLIST_FILE = YES;
				INFOPLIST_FILE = FlowStacksApp/Info.plist;
				INFOPLIST_KEY_UIApplicationSceneManifest_Generation = YES;
				INFOPLIST_KEY_UIApplicationSupportsIndirectInputEvents = YES;
				INFOPLIST_KEY_UILaunchScreen_Generation = YES;
				INFOPLIST_KEY_UISupportedInterfaceOrientations_iPad = "UIInterfaceOrientationPortrait UIInterfaceOrientationPortraitUpsideDown UIInterfaceOrientationLandscapeLeft UIInterfaceOrientationLandscapeRight";
				INFOPLIST_KEY_UISupportedInterfaceOrientations_iPhone = "UIInterfaceOrientationPortrait UIInterfaceOrientationLandscapeLeft UIInterfaceOrientationLandscapeRight";
				IPHONEOS_DEPLOYMENT_TARGET = 14.0;
				LD_RUNPATH_SEARCH_PATHS = (
					"$(inherited)",
					"@executable_path/Frameworks",
				);
				MARKETING_VERSION = 1.0;
				PRODUCT_BUNDLE_IDENTIFIER = uk.johnpatrickmorgan.FlowStacksApp;
				PRODUCT_NAME = FlowStacksApp;
				PROVISIONING_PROFILE_SPECIFIER = "";
				SDKROOT = iphoneos;
				SWIFT_EMIT_LOC_STRINGS = YES;
				SWIFT_VERSION = 5.0;
				TARGETED_DEVICE_FAMILY = "1,2";
				VALIDATE_PRODUCT = YES;
			};
			name = Release;
		};
		5241BF4626AA1D3B002D6892 /* Debug */ = {
			isa = XCBuildConfiguration;
			buildSettings = {
				ASSETCATALOG_COMPILER_APPICON_NAME = AppIcon;
				CODE_SIGN_IDENTITY = "-";
				CODE_SIGN_STYLE = Automatic;
				COMBINE_HIDPI_IMAGES = YES;
				CURRENT_PROJECT_VERSION = 1;
				DEAD_CODE_STRIPPING = YES;
				DEVELOPMENT_TEAM = QJAU94J65Z;
				ENABLE_APP_SANDBOX = YES;
				ENABLE_HARDENED_RUNTIME = YES;
				ENABLE_PREVIEWS = YES;
				ENABLE_USER_SELECTED_FILES = readonly;
				GENERATE_INFOPLIST_FILE = YES;
				INFOPLIST_FILE = FlowStacksApp/Info.plist;
				INFOPLIST_KEY_NSHumanReadableCopyright = "";
				LD_RUNPATH_SEARCH_PATHS = (
					"$(inherited)",
					"@executable_path/../Frameworks",
				);
				MACOSX_DEPLOYMENT_TARGET = 11.0;
				MARKETING_VERSION = 1.0;
				PRODUCT_BUNDLE_IDENTIFIER = uk.johnpatrickmorgan.FlowStacksApp;
				PRODUCT_NAME = FlowStacksApp;
				SDKROOT = macosx;
				SWIFT_EMIT_LOC_STRINGS = YES;
				SWIFT_VERSION = 5.0;
			};
			name = Debug;
		};
		5241BF4726AA1D3B002D6892 /* Release */ = {
			isa = XCBuildConfiguration;
			buildSettings = {
				ASSETCATALOG_COMPILER_APPICON_NAME = AppIcon;
				CODE_SIGN_IDENTITY = "-";
				CODE_SIGN_STYLE = Automatic;
				COMBINE_HIDPI_IMAGES = YES;
				CURRENT_PROJECT_VERSION = 1;
				DEAD_CODE_STRIPPING = YES;
				DEVELOPMENT_TEAM = QJAU94J65Z;
				ENABLE_APP_SANDBOX = YES;
				ENABLE_HARDENED_RUNTIME = YES;
				ENABLE_PREVIEWS = YES;
				ENABLE_USER_SELECTED_FILES = readonly;
				GENERATE_INFOPLIST_FILE = YES;
				INFOPLIST_FILE = FlowStacksApp/Info.plist;
				INFOPLIST_KEY_NSHumanReadableCopyright = "";
				LD_RUNPATH_SEARCH_PATHS = (
					"$(inherited)",
					"@executable_path/../Frameworks",
				);
				MACOSX_DEPLOYMENT_TARGET = 11.0;
				MARKETING_VERSION = 1.0;
				PRODUCT_BUNDLE_IDENTIFIER = uk.johnpatrickmorgan.FlowStacksApp;
				PRODUCT_NAME = FlowStacksApp;
				SDKROOT = macosx;
				SWIFT_EMIT_LOC_STRINGS = YES;
				SWIFT_VERSION = 5.0;
			};
			name = Release;
		};
		5285BBB42B6408F500197CE7 /* Debug */ = {
			isa = XCBuildConfiguration;
			buildSettings = {
				ASSETCATALOG_COMPILER_GENERATE_SWIFT_ASSET_SYMBOL_EXTENSIONS = YES;
				CLANG_CXX_LANGUAGE_STANDARD = "gnu++20";
				CODE_SIGN_STYLE = Automatic;
				CURRENT_PROJECT_VERSION = 1;
				GCC_C_LANGUAGE_STANDARD = gnu17;
				GENERATE_INFOPLIST_FILE = YES;
				IPHONEOS_DEPLOYMENT_TARGET = 15.0;
				LOCALIZATION_PREFERS_STRING_CATALOGS = YES;
				MARKETING_VERSION = 1.0;
				PRODUCT_BUNDLE_IDENTIFIER = co.uk.johnpatrickmorgan.FlowStacksAppUITests;
				PRODUCT_NAME = "$(TARGET_NAME)";
				SDKROOT = iphoneos;
				SWIFT_ACTIVE_COMPILATION_CONDITIONS = "DEBUG $(inherited)";
				SWIFT_EMIT_LOC_STRINGS = NO;
				SWIFT_VERSION = 5.0;
				TARGETED_DEVICE_FAMILY = "1,2";
				TEST_TARGET_NAME = "FlowStacksApp (iOS)";
			};
			name = Debug;
		};
		5285BBB52B6408F500197CE7 /* Release */ = {
			isa = XCBuildConfiguration;
			buildSettings = {
				ASSETCATALOG_COMPILER_GENERATE_SWIFT_ASSET_SYMBOL_EXTENSIONS = YES;
				CLANG_CXX_LANGUAGE_STANDARD = "gnu++20";
				CODE_SIGN_STYLE = Automatic;
				CURRENT_PROJECT_VERSION = 1;
				GCC_C_LANGUAGE_STANDARD = gnu17;
				GENERATE_INFOPLIST_FILE = YES;
				IPHONEOS_DEPLOYMENT_TARGET = 15.0;
				LOCALIZATION_PREFERS_STRING_CATALOGS = YES;
				MARKETING_VERSION = 1.0;
				PRODUCT_BUNDLE_IDENTIFIER = co.uk.johnpatrickmorgan.FlowStacksAppUITests;
				PRODUCT_NAME = "$(TARGET_NAME)";
				SDKROOT = iphoneos;
				SWIFT_EMIT_LOC_STRINGS = NO;
				SWIFT_VERSION = 5.0;
				TARGETED_DEVICE_FAMILY = "1,2";
				TEST_TARGET_NAME = "FlowStacksApp (iOS)";
				VALIDATE_PRODUCT = YES;
			};
			name = Release;
		};
		529CB4562C6ACE8000B0AFE9 /* Debug */ = {
			isa = XCBuildConfiguration;
			buildSettings = {
				ASSETCATALOG_COMPILER_GENERATE_SWIFT_ASSET_SYMBOL_EXTENSIONS = YES;
				CLANG_CXX_LANGUAGE_STANDARD = "gnu++20";
				CODE_SIGN_STYLE = Automatic;
				CURRENT_PROJECT_VERSION = 1;
				DEVELOPMENT_ASSET_PATHS = "\"FlowStacksApp/Preview Content\"";
				ENABLE_PREVIEWS = YES;
				GCC_C_LANGUAGE_STANDARD = gnu17;
				GENERATE_INFOPLIST_FILE = YES;
				INFOPLIST_KEY_UILaunchScreen_Generation = YES;
				INFOPLIST_KEY_UIUserInterfaceStyle = Automatic;
				LD_RUNPATH_SEARCH_PATHS = (
					"$(inherited)",
					"@executable_path/Frameworks",
				);
				LOCALIZATION_PREFERS_STRING_CATALOGS = YES;
				MARKETING_VERSION = 1.0;
				PRODUCT_BUNDLE_IDENTIFIER = co.uk.johnpatrickmorgan.FlowStacksApp;
				PRODUCT_NAME = "$(TARGET_NAME)";
				SDKROOT = appletvos;
				SWIFT_ACTIVE_COMPILATION_CONDITIONS = "DEBUG $(inherited)";
				SWIFT_EMIT_LOC_STRINGS = YES;
				SWIFT_VERSION = 5.0;
				TARGETED_DEVICE_FAMILY = 3;
				TVOS_DEPLOYMENT_TARGET = 14.0;
			};
			name = Debug;
		};
		529CB4572C6ACE8000B0AFE9 /* Release */ = {
			isa = XCBuildConfiguration;
			buildSettings = {
				ASSETCATALOG_COMPILER_GENERATE_SWIFT_ASSET_SYMBOL_EXTENSIONS = YES;
				CLANG_CXX_LANGUAGE_STANDARD = "gnu++20";
				CODE_SIGN_STYLE = Automatic;
				CURRENT_PROJECT_VERSION = 1;
				DEVELOPMENT_ASSET_PATHS = "\"FlowStacksApp/Preview Content\"";
				ENABLE_PREVIEWS = YES;
				GCC_C_LANGUAGE_STANDARD = gnu17;
				GENERATE_INFOPLIST_FILE = YES;
				INFOPLIST_KEY_UILaunchScreen_Generation = YES;
				INFOPLIST_KEY_UIUserInterfaceStyle = Automatic;
				LD_RUNPATH_SEARCH_PATHS = (
					"$(inherited)",
					"@executable_path/Frameworks",
				);
				LOCALIZATION_PREFERS_STRING_CATALOGS = YES;
				MARKETING_VERSION = 1.0;
				PRODUCT_BUNDLE_IDENTIFIER = co.uk.johnpatrickmorgan.FlowStacksApp;
				PRODUCT_NAME = "$(TARGET_NAME)";
				SDKROOT = appletvos;
				SWIFT_EMIT_LOC_STRINGS = YES;
				SWIFT_VERSION = 5.0;
				TARGETED_DEVICE_FAMILY = 3;
				TVOS_DEPLOYMENT_TARGET = 14.0;
				VALIDATE_PRODUCT = YES;
			};
			name = Release;
		};
/* End XCBuildConfiguration section */

/* Begin XCConfigurationList section */
		521D35BE2C871FFE00C6B369 /* Build configuration list for PBXNativeTarget "FlowStacksApp (watchOS)" */ = {
			isa = XCConfigurationList;
			buildConfigurations = (
				521D35BC2C871FFE00C6B369 /* Debug */,
				521D35BD2C871FFE00C6B369 /* Release */,
			);
			defaultConfigurationIsVisible = 0;
			defaultConfigurationName = Release;
		};
		521D35BF2C871FFE00C6B369 /* Build configuration list for PBXNativeTarget "FlowStacksApp" */ = {
			isa = XCConfigurationList;
			buildConfigurations = (
				521D35B92C871FFE00C6B369 /* Debug */,
				521D35BA2C871FFE00C6B369 /* Release */,
			);
			defaultConfigurationIsVisible = 0;
			defaultConfigurationName = Release;
		};
		5241BF2A26AA1D3A002D6892 /* Build configuration list for PBXProject "FlowStacksApp" */ = {
			isa = XCConfigurationList;
			buildConfigurations = (
				5241BF4026AA1D3B002D6892 /* Debug */,
				5241BF4126AA1D3B002D6892 /* Release */,
			);
			defaultConfigurationIsVisible = 0;
			defaultConfigurationName = Release;
		};
		5241BF4226AA1D3B002D6892 /* Build configuration list for PBXNativeTarget "FlowStacksApp (iOS)" */ = {
			isa = XCConfigurationList;
			buildConfigurations = (
				5241BF4326AA1D3B002D6892 /* Debug */,
				5241BF4426AA1D3B002D6892 /* Release */,
			);
			defaultConfigurationIsVisible = 0;
			defaultConfigurationName = Release;
		};
		5241BF4526AA1D3B002D6892 /* Build configuration list for PBXNativeTarget "FlowStacksApp (macOS)" */ = {
			isa = XCConfigurationList;
			buildConfigurations = (
				5241BF4626AA1D3B002D6892 /* Debug */,
				5241BF4726AA1D3B002D6892 /* Release */,
			);
			defaultConfigurationIsVisible = 0;
			defaultConfigurationName = Release;
		};
		5285BBB62B6408F500197CE7 /* Build configuration list for PBXNativeTarget "FlowStacksAppUITests" */ = {
			isa = XCConfigurationList;
			buildConfigurations = (
				5285BBB42B6408F500197CE7 /* Debug */,
				5285BBB52B6408F500197CE7 /* Release */,
			);
			defaultConfigurationIsVisible = 0;
			defaultConfigurationName = Release;
		};
		529CB4552C6ACE8000B0AFE9 /* Build configuration list for PBXNativeTarget "FlowStacksApp (tvOS)" */ = {
			isa = XCConfigurationList;
			buildConfigurations = (
				529CB4562C6ACE8000B0AFE9 /* Debug */,
				529CB4572C6ACE8000B0AFE9 /* Release */,
			);
			defaultConfigurationIsVisible = 0;
			defaultConfigurationName = Release;
		};
/* End XCConfigurationList section */

/* Begin XCSwiftPackageProductDependency section */
		521D35CA2C8720C100C6B369 /* FlowStacks */ = {
			isa = XCSwiftPackageProductDependency;
			productName = FlowStacks;
		};
		529CB4602C6AD0BF00B0AFE9 /* FlowStacks */ = {
			isa = XCSwiftPackageProductDependency;
			productName = FlowStacks;
		};
		52E2C8F52A7268AB0042C495 /* FlowStacks */ = {
			isa = XCSwiftPackageProductDependency;
			productName = FlowStacks;
		};
/* End XCSwiftPackageProductDependency section */
	};
	rootObject = 5241BF2726AA1D3A002D6892 /* Project object */;
}
